// !$*UTF8*$!
{
	archiveVersion = 1;
	classes = {
	};
	objectVersion = 50;
	objects = {

/* Begin PBXBuildFile section */
		292D5F99244B5DE2006CDC27 /* AppDelegate.swift in Sources */ = {isa = PBXBuildFile; fileRef = 292D5F98244B5DE2006CDC27 /* AppDelegate.swift */; };
		292D5F9B244B5DE2006CDC27 /* SceneDelegate.swift in Sources */ = {isa = PBXBuildFile; fileRef = 292D5F9A244B5DE2006CDC27 /* SceneDelegate.swift */; };
		292D5F9D244B5DE2006CDC27 /* ContentView.swift in Sources */ = {isa = PBXBuildFile; fileRef = 292D5F9C244B5DE2006CDC27 /* ContentView.swift */; };
		292D5F9F244B5DE9006CDC27 /* Assets.xcassets in Resources */ = {isa = PBXBuildFile; fileRef = 292D5F9E244B5DE9006CDC27 /* Assets.xcassets */; };
		292D5FA2244B5DE9006CDC27 /* Preview Assets.xcassets in Resources */ = {isa = PBXBuildFile; fileRef = 292D5FA1244B5DE9006CDC27 /* Preview Assets.xcassets */; };
		292D5FA5244B5DE9006CDC27 /* LaunchScreen.storyboard in Resources */ = {isa = PBXBuildFile; fileRef = 292D5FA3244B5DE9006CDC27 /* LaunchScreen.storyboard */; };
/* End PBXBuildFile section */

/* Begin PBXFileReference section */
		292D5F95244B5DE2006CDC27 /* SwiftUI-Test.app */ = {isa = PBXFileReference; explicitFileType = wrapper.application; includeInIndex = 0; path = "SwiftUI-Test.app"; sourceTree = BUILT_PRODUCTS_DIR; };
		292D5F98244B5DE2006CDC27 /* AppDelegate.swift */ = {isa = PBXFileReference; lastKnownFileType = sourcecode.swift; path = AppDelegate.swift; sourceTree = "<group>"; };
		292D5F9A244B5DE2006CDC27 /* SceneDelegate.swift */ = {isa = PBXFileReference; lastKnownFileType = sourcecode.swift; path = SceneDelegate.swift; sourceTree = "<group>"; };
		292D5F9C244B5DE2006CDC27 /* ContentView.swift */ = {isa = PBXFileReference; lastKnownFileType = sourcecode.swift; path = ContentView.swift; sourceTree = "<group>"; };
		292D5F9E244B5DE9006CDC27 /* Assets.xcassets */ = {isa = PBXFileReference; lastKnownFileType = folder.assetcatalog; path = Assets.xcassets; sourceTree = "<group>"; };
		292D5FA1244B5DE9006CDC27 /* Preview Assets.xcassets */ = {isa = PBXFileReference; lastKnownFileType = folder.assetcatalog; path = "Preview Assets.xcassets"; sourceTree = "<group>"; };
		292D5FA4244B5DE9006CDC27 /* Base */ = {isa = PBXFileReference; lastKnownFileType = file.storyboard; name = Base; path = Base.lproj/LaunchScreen.storyboard; sourceTree = "<group>"; };
		292D5FA6244B5DE9006CDC27 /* Info.plist */ = {isa = PBXFileReference; lastKnownFileType = text.plist.xml; path = Info.plist; sourceTree = "<group>"; };
/* End PBXFileReference section */

/* Begin PBXFrameworksBuildPhase section */
		292D5F92244B5DE2006CDC27 /* Frameworks */ = {
			isa = PBXFrameworksBuildPhase;
			buildActionMask = 2147483647;
			files = (
			);
			runOnlyForDeploymentPostprocessing = 0;
		};
/* End PBXFrameworksBuildPhase section */

/* Begin PBXGroup section */
		292D5F8C244B5DE2006CDC27 = {
			isa = PBXGroup;
			children = (
				292D5F97244B5DE2006CDC27 /* SwiftUI-Test */,
				292D5F96244B5DE2006CDC27 /* Products */,
			);
			sourceTree = "<group>";
		};
		292D5F96244B5DE2006CDC27 /* Products */ = {
			isa = PBXGroup;
			children = (
				292D5F95244B5DE2006CDC27 /* SwiftUI-Test.app */,
			);
			name = Products;
			sourceTree = "<group>";
		};
		292D5F97244B5DE2006CDC27 /* SwiftUI-Test */ = {
			isa = PBXGroup;
			children = (
				292D5F98244B5DE2006CDC27 /* AppDelegate.swift */,
				292D5F9A244B5DE2006CDC27 /* SceneDelegate.swift */,
				292D5F9C244B5DE2006CDC27 /* ContentView.swift */,
				292D5F9E244B5DE9006CDC27 /* Assets.xcassets */,
				292D5FA3244B5DE9006CDC27 /* LaunchScreen.storyboard */,
				292D5FA6244B5DE9006CDC27 /* Info.plist */,
				292D5FA0244B5DE9006CDC27 /* Preview Content */,
			);
			path = "SwiftUI-Test";
			sourceTree = "<group>";
		};
		292D5FA0244B5DE9006CDC27 /* Preview Content */ = {
			isa = PBXGroup;
			children = (
				292D5FA1244B5DE9006CDC27 /* Preview Assets.xcassets */,
			);
			path = "Preview Content";
			sourceTree = "<group>";
		};
/* End PBXGroup section */

/* Begin PBXNativeTarget section */
		292D5F94244B5DE2006CDC27 /* SwiftUI-Test */ = {
			isa = PBXNativeTarget;
			buildConfigurationList = 292D5FA9244B5DE9006CDC27 /* Build configuration list for PBXNativeTarget "SwiftUI-Test" */;
			buildPhases = (
				292D5F91244B5DE2006CDC27 /* Sources */,
				292D5F92244B5DE2006CDC27 /* Frameworks */,
				292D5F93244B5DE2006CDC27 /* Resources */,
			);
			buildRules = (
			);
			dependencies = (
			);
			name = "SwiftUI-Test";
			productName = "SwiftUI-Test";
			productReference = 292D5F95244B5DE2006CDC27 /* SwiftUI-Test.app */;
			productType = "com.apple.product-type.application";
		};
/* End PBXNativeTarget section */

/* Begin PBXProject section */
		292D5F8D244B5DE2006CDC27 /* Project object */ = {
			isa = PBXProject;
			attributes = {
				LastSwiftUpdateCheck = 1130;
				LastUpgradeCheck = 1130;
				ORGANIZATIONNAME = Jagoth;
				TargetAttributes = {
					292D5F94244B5DE2006CDC27 = {
						CreatedOnToolsVersion = 11.3;
					};
				};
			};
			buildConfigurationList = 292D5F90244B5DE2006CDC27 /* Build configuration list for PBXProject "SwiftUI-Test" */;
			compatibilityVersion = "Xcode 9.3";
			developmentRegion = en;
			hasScannedForEncodings = 0;
			knownRegions = (
				en,
				Base,
			);
			mainGroup = 292D5F8C244B5DE2006CDC27;
			productRefGroup = 292D5F96244B5DE2006CDC27 /* Products */;
			projectDirPath = "";
			projectRoot = "";
			targets = (
				292D5F94244B5DE2006CDC27 /* SwiftUI-Test */,
			);
		};
/* End PBXProject section */

/* Begin PBXResourcesBuildPhase section */
		292D5F93244B5DE2006CDC27 /* Resources */ = {
			isa = PBXResourcesBuildPhase;
			buildActionMask = 2147483647;
			files = (
				292D5FA5244B5DE9006CDC27 /* LaunchScreen.storyboard in Resources */,
				292D5FA2244B5DE9006CDC27 /* Preview Assets.xcassets in Resources */,
				292D5F9F244B5DE9006CDC27 /* Assets.xcassets in Resources */,
			);
			runOnlyForDeploymentPostprocessing = 0;
		};
/* End PBXResourcesBuildPhase section */

/* Begin PBXSourcesBuildPhase section */
		292D5F91244B5DE2006CDC27 /* Sources */ = {
			isa = PBXSourcesBuildPhase;
			buildActionMask = 2147483647;
			files = (
				292D5F99244B5DE2006CDC27 /* AppDelegate.swift in Sources */,
				292D5F9B244B5DE2006CDC27 /* SceneDelegate.swift in Sources */,
				292D5F9D244B5DE2006CDC27 /* ContentView.swift in Sources */,
			);
			runOnlyForDeploymentPostprocessing = 0;
		};
/* End PBXSourcesBuildPhase section */

/* Begin PBXVariantGroup section */
		292D5FA3244B5DE9006CDC27 /* LaunchScreen.storyboard */ = {
			isa = PBXVariantGroup;
			children = (
				292D5FA4244B5DE9006CDC27 /* Base */,
			);
			name = LaunchScreen.storyboard;
			sourceTree = "<group>";
		};
/* End PBXVariantGroup section */

/* Begin XCBuildConfiguration section */
		292D5FA7244B5DE9006CDC27 /* Debug */ = {
			isa = XCBuildConfiguration;
			buildSettings = {
				ALWAYS_SEARCH_USER_PATHS = NO;
				CLANG_ANALYZER_NONNULL = YES;
				CLANG_ANALYZER_NUMBER_OBJECT_CONVERSION = YES_AGGRESSIVE;
				CLANG_CXX_LANGUAGE_STANDARD = "gnu++14";
				CLANG_CXX_LIBRARY = "libc++";
				CLANG_ENABLE_MODULES = YES;
				CLANG_ENABLE_OBJC_ARC = YES;
				CLANG_ENABLE_OBJC_WEAK = YES;
				CLANG_WARN_BLOCK_CAPTURE_AUTORELEASING = YES;
				CLANG_WARN_BOOL_CONVERSION = YES;
				CLANG_WARN_COMMA = YES;
				CLANG_WARN_CONSTANT_CONVERSION = YES;
				CLANG_WARN_DEPRECATED_OBJC_IMPLEMENTATIONS = YES;
				CLANG_WARN_DIRECT_OBJC_ISA_USAGE = YES_ERROR;
				CLANG_WARN_DOCUMENTATION_COMMENTS = YES;
				CLANG_WARN_EMPTY_BODY = YES;
				CLANG_WARN_ENUM_CONVERSION = YES;
				CLANG_WARN_INFINITE_RECURSION = YES;
				CLANG_WARN_INT_CONVERSION = YES;
				CLANG_WARN_NON_LITERAL_NULL_CONVERSION = YES;
				CLANG_WARN_OBJC_IMPLICIT_RETAIN_SELF = YES;
				CLANG_WARN_OBJC_LITERAL_CONVERSION = YES;
				CLANG_WARN_OBJC_ROOT_CLASS = YES_ERROR;
				CLANG_WARN_RANGE_LOOP_ANALYSIS = YES;
				CLANG_WARN_STRICT_PROTOTYPES = YES;
				CLANG_WARN_SUSPICIOUS_MOVE = YES;
				CLANG_WARN_UNGUARDED_AVAILABILITY = YES_AGGRESSIVE;
				CLANG_WARN_UNREACHABLE_CODE = YES;
				CLANG_WARN__DUPLICATE_METHOD_MATCH = YES;
				COPY_PHASE_STRIP = NO;
				DEBUG_INFORMATION_FORMAT = dwarf;
				ENABLE_STRICT_OBJC_MSGSEND = YES;
				ENABLE_TESTABILITY = YES;
				GCC_C_LANGUAGE_STANDARD = gnu11;
				GCC_DYNAMIC_NO_PIC = NO;
				GCC_NO_COMMON_BLOCKS = YES;
				GCC_OPTIMIZATION_LEVEL = 0;
				GCC_PREPROCESSOR_DEFINITIONS = (
					"DEBUG=1",
					"$(inherited)",
				);
				GCC_WARN_64_TO_32_BIT_CONVERSION = YES;
				GCC_WARN_ABOUT_RETURN_TYPE = YES_ERROR;
				GCC_WARN_UNDECLARED_SELECTOR = YES;
				GCC_WARN_UNINITIALIZED_AUTOS = YES_AGGRESSIVE;
				GCC_WARN_UNUSED_FUNCTION = YES;
				GCC_WARN_UNUSED_VARIABLE = YES;
				IPHONEOS_DEPLOYMENT_TARGET = 13.2;
				MTL_ENABLE_DEBUG_INFO = INCLUDE_SOURCE;
				MTL_FAST_MATH = YES;
				ONLY_ACTIVE_ARCH = YES;
				SDKROOT = iphoneos;
				SWIFT_ACTIVE_COMPILATION_CONDITIONS = DEBUG;
				SWIFT_OPTIMIZATION_LEVEL = "-Onone";
			};
			name = Debug;
		};
		292D5FA8244B5DE9006CDC27 /* Release */ = {
			isa = XCBuildConfiguration;
			buildSettings = {
				ALWAYS_SEARCH_USER_PATHS = NO;
				CLANG_ANALYZER_NONNULL = YES;
				CLANG_ANALYZER_NUMBER_OBJECT_CONVERSION = YES_AGGRESSIVE;
				CLANG_CXX_LANGUAGE_STANDARD = "gnu++14";
				CLANG_CXX_LIBRARY = "libc++";
				CLANG_ENABLE_MODULES = YES;
				CLANG_ENABLE_OBJC_ARC = YES;
				CLANG_ENABLE_OBJC_WEAK = YES;
				CLANG_WARN_BLOCK_CAPTURE_AUTORELEASING = YES;
				CLANG_WARN_BOOL_CONVERSION = YES;
				CLANG_WARN_COMMA = YES;
				CLANG_WARN_CONSTANT_CONVERSION = YES;
				CLANG_WARN_DEPRECATED_OBJC_IMPLEMENTATIONS = YES;
				CLANG_WARN_DIRECT_OBJC_ISA_USAGE = YES_ERROR;
				CLANG_WARN_DOCUMENTATION_COMMENTS = YES;
				CLANG_WARN_EMPTY_BODY = YES;
				CLANG_WARN_ENUM_CONVERSION = YES;
				CLANG_WARN_INFINITE_RECURSION = YES;
				CLANG_WARN_INT_CONVERSION = YES;
				CLANG_WARN_NON_LITERAL_NULL_CONVERSION = YES;
				CLANG_WARN_OBJC_IMPLICIT_RETAIN_SELF = YES;
				CLANG_WARN_OBJC_LITERAL_CONVERSION = YES;
				CLANG_WARN_OBJC_ROOT_CLASS = YES_ERROR;
				CLANG_WARN_RANGE_LOOP_ANALYSIS = YES;
				CLANG_WARN_STRICT_PROTOTYPES = YES;
				CLANG_WARN_SUSPICIOUS_MOVE = YES;
				CLANG_WARN_UNGUARDED_AVAILABILITY = YES_AGGRESSIVE;
				CLANG_WARN_UNREACHABLE_CODE = YES;
				CLANG_WARN__DUPLICATE_METHOD_MATCH = YES;
				COPY_PHASE_STRIP = NO;
				DEBUG_INFORMATION_FORMAT = "dwarf-with-dsym";
				ENABLE_NS_ASSERTIONS = NO;
				ENABLE_STRICT_OBJC_MSGSEND = YES;
				GCC_C_LANGUAGE_STANDARD = gnu11;
				GCC_NO_COMMON_BLOCKS = YES;
				GCC_WARN_64_TO_32_BIT_CONVERSION = YES;
				GCC_WARN_ABOUT_RETURN_TYPE = YES_ERROR;
				GCC_WARN_UNDECLARED_SELECTOR = YES;
				GCC_WARN_UNINITIALIZED_AUTOS = YES_AGGRESSIVE;
				GCC_WARN_UNUSED_FUNCTION = YES;
				GCC_WARN_UNUSED_VARIABLE = YES;
				IPHONEOS_DEPLOYMENT_TARGET = 13.2;
				MTL_ENABLE_DEBUG_INFO = NO;
				MTL_FAST_MATH = YES;
				SDKROOT = iphoneos;
				SWIFT_COMPILATION_MODE = wholemodule;
				SWIFT_OPTIMIZATION_LEVEL = "-O";
				VALIDATE_PRODUCT = YES;
			};
			name = Release;
		};
		292D5FAA244B5DE9006CDC27 /* Debug */ = {
			isa = XCBuildConfiguration;
			buildSettings = {
				ASSETCATALOG_COMPILER_APPICON_NAME = AppIcon;
				CODE_SIGN_STYLE = Automatic;
				DEVELOPMENT_ASSET_PATHS = "\"SwiftUI-Test/Preview Content\"";
				DEVELOPMENT_TEAM = M38GB4L3DH;
				ENABLE_PREVIEWS = YES;
				INFOPLIST_FILE = "SwiftUI-Test/Info.plist";
				LD_RUNPATH_SEARCH_PATHS = (
					"$(inherited)",
					"@executable_path/Frameworks",
				);
				PRODUCT_BUNDLE_IDENTIFIER = "com.app.SwiftUI-Test";
				PRODUCT_NAME = "$(TARGET_NAME)";
				SWIFT_VERSION = 5.0;
				TARGETED_DEVICE_FAMILY = "1,2";
			};
			name = Debug;
		};
		292D5FAB244B5DE9006CDC27 /* Release */ = {
			isa = XCBuildConfiguration;
			buildSettings = {
				ASSETCATALOG_COMPILER_APPICON_NAME = AppIcon;
				CODE_SIGN_STYLE = Automatic;
				DEVELOPMENT_ASSET_PATHS = "\"SwiftUI-Test/Preview Content\"";
				DEVELOPMENT_TEAM = M38GB4L3DH;
				ENABLE_PREVIEWS = YES;
				INFOPLIST_FILE = "SwiftUI-Test/Info.plist";
				LD_RUNPATH_SEARCH_PATHS = (
					"$(inherited)",
					"@executable_path/Frameworks",
				);
				PRODUCT_BUNDLE_IDENTIFIER = "com.app.SwiftUI-Test";
				PRODUCT_NAME = "$(TARGET_NAME)";
				SWIFT_VERSION = 5.0;
				TARGETED_DEVICE_FAMILY = "1,2";
			};
			name = Release;
		};
/* End XCBuildConfiguration section */

/* Begin XCConfigurationList section */
		292D5F90244B5DE2006CDC27 /* Build configuration list for PBXProject "SwiftUI-Test" */ = {
			isa = XCConfigurationList;
			buildConfigurations = (
				292D5FA7244B5DE9006CDC27 /* Debug */,
				292D5FA8244B5DE9006CDC27 /* Release */,
			);
			defaultConfigurationIsVisible = 0;
			defaultConfigurationName = Release;
		};
		292D5FA9244B5DE9006CDC27 /* Build configuration list for PBXNativeTarget "SwiftUI-Test" */ = {
			isa = XCConfigurationList;
			buildConfigurations = (
				292D5FAA244B5DE9006CDC27 /* Debug */,
				292D5FAB244B5DE9006CDC27 /* Release */,
			);
			defaultConfigurationIsVisible = 0;
			defaultConfigurationName = Release;
		};
/* End XCConfigurationList section */
	};
	rootObject = 292D5F8D244B5DE2006CDC27 /* Project object */;
}
